
Microsoft Visual Studio Solution File, Format Version 12.00
Project("{FAE04EC0-301F-11D3-BF4B-00C04F79EFBC}") = "DevTest", "DevTest\DevTest.csproj", "{14665C0E-53DA-42EB-AB13-10019D0EF087}"
EndProject
Project("{FAE04EC0-301F-11D3-BF4B-00C04F79EFBC}") = "UnitTesting", "..\UnitTesting\UnitTesting.csproj", "{86D0AA13-5F43-4377-A652-0F699E6CF814}"
EndProject
Global
	GlobalSection(SolutionConfigurationPlatforms) = preSolution
		Debug|Any CPU = Debug|Any CPU
		Release|Any CPU = Release|Any CPU
	EndGlobalSection
	GlobalSection(ProjectConfigurationPlatforms) = postSolution
		{14665C0E-53DA-42EB-AB13-10019D0EF087}.Debug|Any CPU.ActiveCfg = Debug|Any CPU
		{14665C0E-53DA-42EB-AB13-10019D0EF087}.Debug|Any CPU.Build.0 = Debug|Any CPU
		{14665C0E-53DA-42EB-AB13-10019D0EF087}.Release|Any CPU.ActiveCfg = Release|Any CPU
		{14665C0E-53DA-42EB-AB13-10019D0EF087}.Release|Any CPU.Build.0 = Release|Any CPU
		{86D0AA13-5F43-4377-A652-0F699E6CF814}.Debug|Any CPU.ActiveCfg = Debug|Any CPU
		{86D0AA13-5F43-4377-A652-0F699E6CF814}.Debug|Any CPU.Build.0 = Debug|Any CPU
		{86D0AA13-5F43-4377-A652-0F699E6CF814}.Release|Any CPU.ActiveCfg = Release|Any CPU
		{86D0AA13-5F43-4377-A652-0F699E6CF814}.Release|Any CPU.Build.0 = Release|Any CPU
	EndGlobalSection
EndGlobal
